
Microsoft Visual Studio Solution File, Format Version 12.00
# Visual Studio Version 17
VisualStudioVersion = 17.0.32014.148
MinimumVisualStudioVersion = 10.0.40219.1
Project("{8BC9CEB8-8B4A-11D0-8D11-00A0C91BC942}") = "NrPal", "NrPal\NrPal.vcxproj", "{82E7642C-D9DF-48A1-95DC-866916F52168}"
EndProject
Global
	GlobalSection(SolutionConfigurationPlatforms) = preSolution
		Debug|x64 = Debug|x64
		Debug|x86 = Debug|x86
		Release|x64 = Release|x64
		Release|x86 = Release|x86
	EndGlobalSection
	GlobalSection(ProjectConfigurationPlatforms) = postSolution
		{82E7642C-D9DF-48A1-95DC-866916F52168}.Debug|x64.ActiveCfg = Debug|x64
		{82E7642C-D9DF-48A1-95DC-866916F52168}.Debug|x64.Build.0 = Debug|x64
		{82E7642C-D9DF-48A1-95DC-866916F52168}.Debug|x86.ActiveCfg = Debug|Win32
		{82E7642C-D9DF-48A1-95DC-866916F52168}.Debug|x86.Build.0 = Debug|Win32
		{82E7642C-D9DF-48A1-95DC-866916F52168}.Release|x64.ActiveCfg = Release|x64
		{82E7642C-D9DF-48A1-95DC-866916F52168}.Release|x64.Build.0 = Release|x64
		{82E7642C-D9DF-48A1-95DC-866916F52168}.Release|x86.ActiveCfg = Release|Win32
		{82E7642C-D9DF-48A1-95DC-866916F52168}.Release|x86.Build.0 = Release|Win32
	EndGlobalSection
	GlobalSection(SolutionProperties) = preSolution
		HideSolutionNode = FALSE
	EndGlobalSection
	GlobalSection(ExtensibilityGlobals) = postSolution
		SolutionGuid = {0C43836D-E500-49C4-AC27-A50D5D1135A2}
	EndGlobalSection
EndGlobal
