
Microsoft Visual Studio Solution File, Format Version 12.00
# Visual Studio Version 17
VisualStudioVersion = 17.0.32014.148
MinimumVisualStudioVersion = 10.0.40219.1
Project("{8BC9CEB8-8B4A-11D0-8D11-00A0C91BC942}") = "preturi", "preturi\preturi.vcxproj", "{2CA95EBB-4A48-4B0F-82E3-045EC05D0287}"
EndProject
Global
	GlobalSection(SolutionConfigurationPlatforms) = preSolution
		Debug|x64 = Debug|x64
		Debug|x86 = Debug|x86
		Release|x64 = Release|x64
		Release|x86 = Release|x86
	EndGlobalSection
	GlobalSection(ProjectConfigurationPlatforms) = postSolution
		{2CA95EBB-4A48-4B0F-82E3-045EC05D0287}.Debug|x64.ActiveCfg = Debug|x64
		{2CA95EBB-4A48-4B0F-82E3-045EC05D0287}.Debug|x64.Build.0 = Debug|x64
		{2CA95EBB-4A48-4B0F-82E3-045EC05D0287}.Debug|x86.ActiveCfg = Debug|Win32
		{2CA95EBB-4A48-4B0F-82E3-045EC05D0287}.Debug|x86.Build.0 = Debug|Win32
		{2CA95EBB-4A48-4B0F-82E3-045EC05D0287}.Release|x64.ActiveCfg = Release|x64
		{2CA95EBB-4A48-4B0F-82E3-045EC05D0287}.Release|x64.Build.0 = Release|x64
		{2CA95EBB-4A48-4B0F-82E3-045EC05D0287}.Release|x86.ActiveCfg = Release|Win32
		{2CA95EBB-4A48-4B0F-82E3-045EC05D0287}.Release|x86.Build.0 = Release|Win32
	EndGlobalSection
	GlobalSection(SolutionProperties) = preSolution
		HideSolutionNode = FALSE
	EndGlobalSection
	GlobalSection(ExtensibilityGlobals) = postSolution
		SolutionGuid = {EAC7F7E0-04D3-4768-A811-01B5CADB0EF7}
	EndGlobalSection
EndGlobal
