
Microsoft Visual Studio Solution File, Format Version 12.00
# Visual Studio Version 17
VisualStudioVersion = 17.0.32014.148
MinimumVisualStudioVersion = 10.0.40219.1
Project("{8BC9CEB8-8B4A-11D0-8D11-00A0C91BC942}") = "proiect_info_buy-bacl", "proiect_info_buy-bacl\proiect_info_buy-bacl.vcxproj", "{B0128849-AE3C-4770-8F8B-79E81D5566B3}"
EndProject
Global
	GlobalSection(SolutionConfigurationPlatforms) = preSolution
		Debug|x64 = Debug|x64
		Debug|x86 = Debug|x86
		Release|x64 = Release|x64
		Release|x86 = Release|x86
	EndGlobalSection
	GlobalSection(ProjectConfigurationPlatforms) = postSolution
		{B0128849-AE3C-4770-8F8B-79E81D5566B3}.Debug|x64.ActiveCfg = Debug|x64
		{B0128849-AE3C-4770-8F8B-79E81D5566B3}.Debug|x64.Build.0 = Debug|x64
		{B0128849-AE3C-4770-8F8B-79E81D5566B3}.Debug|x86.ActiveCfg = Debug|Win32
		{B0128849-AE3C-4770-8F8B-79E81D5566B3}.Debug|x86.Build.0 = Debug|Win32
		{B0128849-AE3C-4770-8F8B-79E81D5566B3}.Release|x64.ActiveCfg = Release|x64
		{B0128849-AE3C-4770-8F8B-79E81D5566B3}.Release|x64.Build.0 = Release|x64
		{B0128849-AE3C-4770-8F8B-79E81D5566B3}.Release|x86.ActiveCfg = Release|Win32
		{B0128849-AE3C-4770-8F8B-79E81D5566B3}.Release|x86.Build.0 = Release|Win32
	EndGlobalSection
	GlobalSection(SolutionProperties) = preSolution
		HideSolutionNode = FALSE
	EndGlobalSection
	GlobalSection(ExtensibilityGlobals) = postSolution
		SolutionGuid = {C2F83893-243D-4018-8D4A-0F1ED91C7A65}
	EndGlobalSection
EndGlobal
