
Microsoft Visual Studio Solution File, Format Version 12.00
# Visual Studio Version 17
VisualStudioVersion = 17.0.32014.148
MinimumVisualStudioVersion = 10.0.40219.1
Project("{8BC9CEB8-8B4A-11D0-8D11-00A0C91BC942}") = "flori1", "flori1\flori1.vcxproj", "{25ADEC85-F280-4143-8BCC-2BA0CFA54DC7}"
EndProject
Global
	GlobalSection(SolutionConfigurationPlatforms) = preSolution
		Debug|x64 = Debug|x64
		Debug|x86 = Debug|x86
		Release|x64 = Release|x64
		Release|x86 = Release|x86
	EndGlobalSection
	GlobalSection(ProjectConfigurationPlatforms) = postSolution
		{25ADEC85-F280-4143-8BCC-2BA0CFA54DC7}.Debug|x64.ActiveCfg = Debug|x64
		{25ADEC85-F280-4143-8BCC-2BA0CFA54DC7}.Debug|x64.Build.0 = Debug|x64
		{25ADEC85-F280-4143-8BCC-2BA0CFA54DC7}.Debug|x86.ActiveCfg = Debug|Win32
		{25ADEC85-F280-4143-8BCC-2BA0CFA54DC7}.Debug|x86.Build.0 = Debug|Win32
		{25ADEC85-F280-4143-8BCC-2BA0CFA54DC7}.Release|x64.ActiveCfg = Release|x64
		{25ADEC85-F280-4143-8BCC-2BA0CFA54DC7}.Release|x64.Build.0 = Release|x64
		{25ADEC85-F280-4143-8BCC-2BA0CFA54DC7}.Release|x86.ActiveCfg = Release|Win32
		{25ADEC85-F280-4143-8BCC-2BA0CFA54DC7}.Release|x86.Build.0 = Release|Win32
	EndGlobalSection
	GlobalSection(SolutionProperties) = preSolution
		HideSolutionNode = FALSE
	EndGlobalSection
	GlobalSection(ExtensibilityGlobals) = postSolution
		SolutionGuid = {814400DF-14F0-4248-A06E-259ED2C8953D}
	EndGlobalSection
EndGlobal
