
Microsoft Visual Studio Solution File, Format Version 12.00
# Visual Studio Version 16
VisualStudioVersion = 16.0.30503.244
MinimumVisualStudioVersion = 10.0.40219.1
Project("{8BC9CEB8-8B4A-11D0-8D11-00A0C91BC942}") = "Cifre4_2", "Cifre4_2\Cifre4_2.vcxproj", "{ED11CA1C-234E-4720-B8BA-9CDEC1FF538E}"
EndProject
Global
	GlobalSection(SolutionConfigurationPlatforms) = preSolution
		Debug|x64 = Debug|x64
		Debug|x86 = Debug|x86
		Release|x64 = Release|x64
		Release|x86 = Release|x86
	EndGlobalSection
	GlobalSection(ProjectConfigurationPlatforms) = postSolution
		{ED11CA1C-234E-4720-B8BA-9CDEC1FF538E}.Debug|x64.ActiveCfg = Debug|x64
		{ED11CA1C-234E-4720-B8BA-9CDEC1FF538E}.Debug|x64.Build.0 = Debug|x64
		{ED11CA1C-234E-4720-B8BA-9CDEC1FF538E}.Debug|x86.ActiveCfg = Debug|Win32
		{ED11CA1C-234E-4720-B8BA-9CDEC1FF538E}.Debug|x86.Build.0 = Debug|Win32
		{ED11CA1C-234E-4720-B8BA-9CDEC1FF538E}.Release|x64.ActiveCfg = Release|x64
		{ED11CA1C-234E-4720-B8BA-9CDEC1FF538E}.Release|x64.Build.0 = Release|x64
		{ED11CA1C-234E-4720-B8BA-9CDEC1FF538E}.Release|x86.ActiveCfg = Release|Win32
		{ED11CA1C-234E-4720-B8BA-9CDEC1FF538E}.Release|x86.Build.0 = Release|Win32
	EndGlobalSection
	GlobalSection(SolutionProperties) = preSolution
		HideSolutionNode = FALSE
	EndGlobalSection
	GlobalSection(ExtensibilityGlobals) = postSolution
		SolutionGuid = {9A12D395-5287-4823-A98A-57DDD5955864}
	EndGlobalSection
EndGlobal
