
Microsoft Visual Studio Solution File, Format Version 12.00
# Visual Studio Version 16
VisualStudioVersion = 16.0.30503.244
MinimumVisualStudioVersion = 10.0.40219.1
Project("{8BC9CEB8-8B4A-11D0-8D11-00A0C91BC942}") = "Numarare5", "Numarare5\Numarare5.vcxproj", "{C354ED7E-738B-4A46-9DF1-4A24B319C254}"
EndProject
Global
	GlobalSection(SolutionConfigurationPlatforms) = preSolution
		Debug|x64 = Debug|x64
		Debug|x86 = Debug|x86
		Release|x64 = Release|x64
		Release|x86 = Release|x86
	EndGlobalSection
	GlobalSection(ProjectConfigurationPlatforms) = postSolution
		{C354ED7E-738B-4A46-9DF1-4A24B319C254}.Debug|x64.ActiveCfg = Debug|x64
		{C354ED7E-738B-4A46-9DF1-4A24B319C254}.Debug|x64.Build.0 = Debug|x64
		{C354ED7E-738B-4A46-9DF1-4A24B319C254}.Debug|x86.ActiveCfg = Debug|Win32
		{C354ED7E-738B-4A46-9DF1-4A24B319C254}.Debug|x86.Build.0 = Debug|Win32
		{C354ED7E-738B-4A46-9DF1-4A24B319C254}.Release|x64.ActiveCfg = Release|x64
		{C354ED7E-738B-4A46-9DF1-4A24B319C254}.Release|x64.Build.0 = Release|x64
		{C354ED7E-738B-4A46-9DF1-4A24B319C254}.Release|x86.ActiveCfg = Release|Win32
		{C354ED7E-738B-4A46-9DF1-4A24B319C254}.Release|x86.Build.0 = Release|Win32
	EndGlobalSection
	GlobalSection(SolutionProperties) = preSolution
		HideSolutionNode = FALSE
	EndGlobalSection
	GlobalSection(ExtensibilityGlobals) = postSolution
		SolutionGuid = {49912ADC-D2B7-4635-9FBE-587409765109}
	EndGlobalSection
EndGlobal
