
Microsoft Visual Studio Solution File, Format Version 12.00
# Visual Studio Version 16
VisualStudioVersion = 16.0.30503.244
MinimumVisualStudioVersion = 10.0.40219.1
Project("{8BC9CEB8-8B4A-11D0-8D11-00A0C91BC942}") = "sterger", "sterger\sterger.vcxproj", "{06CD38C1-9240-4FC3-AB7C-9978101CD566}"
EndProject
Global
	GlobalSection(SolutionConfigurationPlatforms) = preSolution
		Debug|x64 = Debug|x64
		Debug|x86 = Debug|x86
		Release|x64 = Release|x64
		Release|x86 = Release|x86
	EndGlobalSection
	GlobalSection(ProjectConfigurationPlatforms) = postSolution
		{06CD38C1-9240-4FC3-AB7C-9978101CD566}.Debug|x64.ActiveCfg = Debug|x64
		{06CD38C1-9240-4FC3-AB7C-9978101CD566}.Debug|x64.Build.0 = Debug|x64
		{06CD38C1-9240-4FC3-AB7C-9978101CD566}.Debug|x86.ActiveCfg = Debug|Win32
		{06CD38C1-9240-4FC3-AB7C-9978101CD566}.Debug|x86.Build.0 = Debug|Win32
		{06CD38C1-9240-4FC3-AB7C-9978101CD566}.Release|x64.ActiveCfg = Release|x64
		{06CD38C1-9240-4FC3-AB7C-9978101CD566}.Release|x64.Build.0 = Release|x64
		{06CD38C1-9240-4FC3-AB7C-9978101CD566}.Release|x86.ActiveCfg = Release|Win32
		{06CD38C1-9240-4FC3-AB7C-9978101CD566}.Release|x86.Build.0 = Release|Win32
	EndGlobalSection
	GlobalSection(SolutionProperties) = preSolution
		HideSolutionNode = FALSE
	EndGlobalSection
	GlobalSection(ExtensibilityGlobals) = postSolution
		SolutionGuid = {F4A8F2E8-7D58-419D-BD9F-C471587E775B}
	EndGlobalSection
EndGlobal
