
Microsoft Visual Studio Solution File, Format Version 12.00
# Visual Studio Version 16
VisualStudioVersion = 16.0.30503.244
MinimumVisualStudioVersion = 10.0.40219.1
Project("{8BC9CEB8-8B4A-11D0-8D11-00A0C91BC942}") = "Rude", "Rude\Rude.vcxproj", "{403401E4-FA72-49F4-810C-D55403D04F38}"
EndProject
Global
	GlobalSection(SolutionConfigurationPlatforms) = preSolution
		Debug|x64 = Debug|x64
		Debug|x86 = Debug|x86
		Release|x64 = Release|x64
		Release|x86 = Release|x86
	EndGlobalSection
	GlobalSection(ProjectConfigurationPlatforms) = postSolution
		{403401E4-FA72-49F4-810C-D55403D04F38}.Debug|x64.ActiveCfg = Debug|x64
		{403401E4-FA72-49F4-810C-D55403D04F38}.Debug|x64.Build.0 = Debug|x64
		{403401E4-FA72-49F4-810C-D55403D04F38}.Debug|x86.ActiveCfg = Debug|Win32
		{403401E4-FA72-49F4-810C-D55403D04F38}.Debug|x86.Build.0 = Debug|Win32
		{403401E4-FA72-49F4-810C-D55403D04F38}.Release|x64.ActiveCfg = Release|x64
		{403401E4-FA72-49F4-810C-D55403D04F38}.Release|x64.Build.0 = Release|x64
		{403401E4-FA72-49F4-810C-D55403D04F38}.Release|x86.ActiveCfg = Release|Win32
		{403401E4-FA72-49F4-810C-D55403D04F38}.Release|x86.Build.0 = Release|Win32
	EndGlobalSection
	GlobalSection(SolutionProperties) = preSolution
		HideSolutionNode = FALSE
	EndGlobalSection
	GlobalSection(ExtensibilityGlobals) = postSolution
		SolutionGuid = {6D1B409B-6FA0-4FD0-B34A-2287904A1600}
	EndGlobalSection
EndGlobal
