
Microsoft Visual Studio Solution File, Format Version 12.00
# Visual Studio Version 17
VisualStudioVersion = 17.0.32014.148
MinimumVisualStudioVersion = 10.0.40219.1
Project("{8BC9CEB8-8B4A-11D0-8D11-00A0C91BC942}") = "trei_divizori", "trei_divizori\trei_divizori.vcxproj", "{205A2F84-EA99-4FA9-A7CD-7DD3174591C8}"
EndProject
Global
	GlobalSection(SolutionConfigurationPlatforms) = preSolution
		Debug|x64 = Debug|x64
		Debug|x86 = Debug|x86
		Release|x64 = Release|x64
		Release|x86 = Release|x86
	EndGlobalSection
	GlobalSection(ProjectConfigurationPlatforms) = postSolution
		{205A2F84-EA99-4FA9-A7CD-7DD3174591C8}.Debug|x64.ActiveCfg = Debug|x64
		{205A2F84-EA99-4FA9-A7CD-7DD3174591C8}.Debug|x64.Build.0 = Debug|x64
		{205A2F84-EA99-4FA9-A7CD-7DD3174591C8}.Debug|x86.ActiveCfg = Debug|Win32
		{205A2F84-EA99-4FA9-A7CD-7DD3174591C8}.Debug|x86.Build.0 = Debug|Win32
		{205A2F84-EA99-4FA9-A7CD-7DD3174591C8}.Release|x64.ActiveCfg = Release|x64
		{205A2F84-EA99-4FA9-A7CD-7DD3174591C8}.Release|x64.Build.0 = Release|x64
		{205A2F84-EA99-4FA9-A7CD-7DD3174591C8}.Release|x86.ActiveCfg = Release|Win32
		{205A2F84-EA99-4FA9-A7CD-7DD3174591C8}.Release|x86.Build.0 = Release|Win32
	EndGlobalSection
	GlobalSection(SolutionProperties) = preSolution
		HideSolutionNode = FALSE
	EndGlobalSection
	GlobalSection(ExtensibilityGlobals) = postSolution
		SolutionGuid = {85CDBB17-2044-4C18-B890-9A02C6462354}
	EndGlobalSection
EndGlobal
