
Microsoft Visual Studio Solution File, Format Version 12.00
# Visual Studio Version 17
VisualStudioVersion = 17.0.32014.148
MinimumVisualStudioVersion = 10.0.40219.1
Project("{8BC9CEB8-8B4A-11D0-8D11-00A0C91BC942}") = "subsecventa", "subsecventa\subsecventa.vcxproj", "{7972442A-6EB2-4C81-A8A2-943EF3E8656E}"
EndProject
Global
	GlobalSection(SolutionConfigurationPlatforms) = preSolution
		Debug|x64 = Debug|x64
		Debug|x86 = Debug|x86
		Release|x64 = Release|x64
		Release|x86 = Release|x86
	EndGlobalSection
	GlobalSection(ProjectConfigurationPlatforms) = postSolution
		{7972442A-6EB2-4C81-A8A2-943EF3E8656E}.Debug|x64.ActiveCfg = Debug|x64
		{7972442A-6EB2-4C81-A8A2-943EF3E8656E}.Debug|x64.Build.0 = Debug|x64
		{7972442A-6EB2-4C81-A8A2-943EF3E8656E}.Debug|x86.ActiveCfg = Debug|Win32
		{7972442A-6EB2-4C81-A8A2-943EF3E8656E}.Debug|x86.Build.0 = Debug|Win32
		{7972442A-6EB2-4C81-A8A2-943EF3E8656E}.Release|x64.ActiveCfg = Release|x64
		{7972442A-6EB2-4C81-A8A2-943EF3E8656E}.Release|x64.Build.0 = Release|x64
		{7972442A-6EB2-4C81-A8A2-943EF3E8656E}.Release|x86.ActiveCfg = Release|Win32
		{7972442A-6EB2-4C81-A8A2-943EF3E8656E}.Release|x86.Build.0 = Release|Win32
	EndGlobalSection
	GlobalSection(SolutionProperties) = preSolution
		HideSolutionNode = FALSE
	EndGlobalSection
	GlobalSection(ExtensibilityGlobals) = postSolution
		SolutionGuid = {C7159D32-6108-49D8-9EF4-92688DEDE420}
	EndGlobalSection
EndGlobal
