
Microsoft Visual Studio Solution File, Format Version 12.00
# Visual Studio Version 17
VisualStudioVersion = 17.0.32014.148
MinimumVisualStudioVersion = 10.0.40219.1
Project("{8BC9CEB8-8B4A-11D0-8D11-00A0C91BC942}") = "numchar", "numchar\numchar.vcxproj", "{56881C64-D3A8-43F0-B8FD-6FF53008EDF1}"
EndProject
Global
	GlobalSection(SolutionConfigurationPlatforms) = preSolution
		Debug|x64 = Debug|x64
		Debug|x86 = Debug|x86
		Release|x64 = Release|x64
		Release|x86 = Release|x86
	EndGlobalSection
	GlobalSection(ProjectConfigurationPlatforms) = postSolution
		{56881C64-D3A8-43F0-B8FD-6FF53008EDF1}.Debug|x64.ActiveCfg = Debug|x64
		{56881C64-D3A8-43F0-B8FD-6FF53008EDF1}.Debug|x64.Build.0 = Debug|x64
		{56881C64-D3A8-43F0-B8FD-6FF53008EDF1}.Debug|x86.ActiveCfg = Debug|Win32
		{56881C64-D3A8-43F0-B8FD-6FF53008EDF1}.Debug|x86.Build.0 = Debug|Win32
		{56881C64-D3A8-43F0-B8FD-6FF53008EDF1}.Release|x64.ActiveCfg = Release|x64
		{56881C64-D3A8-43F0-B8FD-6FF53008EDF1}.Release|x64.Build.0 = Release|x64
		{56881C64-D3A8-43F0-B8FD-6FF53008EDF1}.Release|x86.ActiveCfg = Release|Win32
		{56881C64-D3A8-43F0-B8FD-6FF53008EDF1}.Release|x86.Build.0 = Release|Win32
	EndGlobalSection
	GlobalSection(SolutionProperties) = preSolution
		HideSolutionNode = FALSE
	EndGlobalSection
	GlobalSection(ExtensibilityGlobals) = postSolution
		SolutionGuid = {7D2654C8-FB8F-4329-8D0B-3D49B797FFFF}
	EndGlobalSection
EndGlobal
