
Microsoft Visual Studio Solution File, Format Version 12.00
# Visual Studio Version 16
VisualStudioVersion = 16.0.30503.244
MinimumVisualStudioVersion = 10.0.40219.1
Project("{8BC9CEB8-8B4A-11D0-8D11-00A0C91BC942}") = "UltimaCifraPrimaCifra", "UltimaCifraPrimaCifra\UltimaCifraPrimaCifra.vcxproj", "{FE33E146-2F54-47D2-AA2A-39F5367A49D8}"
EndProject
Global
	GlobalSection(SolutionConfigurationPlatforms) = preSolution
		Debug|x64 = Debug|x64
		Debug|x86 = Debug|x86
		Release|x64 = Release|x64
		Release|x86 = Release|x86
	EndGlobalSection
	GlobalSection(ProjectConfigurationPlatforms) = postSolution
		{FE33E146-2F54-47D2-AA2A-39F5367A49D8}.Debug|x64.ActiveCfg = Debug|x64
		{FE33E146-2F54-47D2-AA2A-39F5367A49D8}.Debug|x64.Build.0 = Debug|x64
		{FE33E146-2F54-47D2-AA2A-39F5367A49D8}.Debug|x86.ActiveCfg = Debug|Win32
		{FE33E146-2F54-47D2-AA2A-39F5367A49D8}.Debug|x86.Build.0 = Debug|Win32
		{FE33E146-2F54-47D2-AA2A-39F5367A49D8}.Release|x64.ActiveCfg = Release|x64
		{FE33E146-2F54-47D2-AA2A-39F5367A49D8}.Release|x64.Build.0 = Release|x64
		{FE33E146-2F54-47D2-AA2A-39F5367A49D8}.Release|x86.ActiveCfg = Release|Win32
		{FE33E146-2F54-47D2-AA2A-39F5367A49D8}.Release|x86.Build.0 = Release|Win32
	EndGlobalSection
	GlobalSection(SolutionProperties) = preSolution
		HideSolutionNode = FALSE
	EndGlobalSection
	GlobalSection(ExtensibilityGlobals) = postSolution
		SolutionGuid = {C4C2CA94-AD4A-4F30-B696-08659181BA90}
	EndGlobalSection
EndGlobal
