
Microsoft Visual Studio Solution File, Format Version 12.00
# Visual Studio Version 17
VisualStudioVersion = 17.0.32014.148
MinimumVisualStudioVersion = 10.0.40219.1
Project("{8BC9CEB8-8B4A-11D0-8D11-00A0C91BC942}") = "SumaLinii1", "SumaLinii1\SumaLinii1.vcxproj", "{FEF52C48-6A66-4238-99B3-3B6DB446EB09}"
EndProject
Global
	GlobalSection(SolutionConfigurationPlatforms) = preSolution
		Debug|x64 = Debug|x64
		Debug|x86 = Debug|x86
		Release|x64 = Release|x64
		Release|x86 = Release|x86
	EndGlobalSection
	GlobalSection(ProjectConfigurationPlatforms) = postSolution
		{FEF52C48-6A66-4238-99B3-3B6DB446EB09}.Debug|x64.ActiveCfg = Debug|x64
		{FEF52C48-6A66-4238-99B3-3B6DB446EB09}.Debug|x64.Build.0 = Debug|x64
		{FEF52C48-6A66-4238-99B3-3B6DB446EB09}.Debug|x86.ActiveCfg = Debug|Win32
		{FEF52C48-6A66-4238-99B3-3B6DB446EB09}.Debug|x86.Build.0 = Debug|Win32
		{FEF52C48-6A66-4238-99B3-3B6DB446EB09}.Release|x64.ActiveCfg = Release|x64
		{FEF52C48-6A66-4238-99B3-3B6DB446EB09}.Release|x64.Build.0 = Release|x64
		{FEF52C48-6A66-4238-99B3-3B6DB446EB09}.Release|x86.ActiveCfg = Release|Win32
		{FEF52C48-6A66-4238-99B3-3B6DB446EB09}.Release|x86.Build.0 = Release|Win32
	EndGlobalSection
	GlobalSection(SolutionProperties) = preSolution
		HideSolutionNode = FALSE
	EndGlobalSection
	GlobalSection(ExtensibilityGlobals) = postSolution
		SolutionGuid = {DFA7B6D8-EDD1-4BD8-9A0A-A0DF5D024FF9}
	EndGlobalSection
EndGlobal
