
Microsoft Visual Studio Solution File, Format Version 12.00
# Visual Studio Version 17
VisualStudioVersion = 17.0.32014.148
MinimumVisualStudioVersion = 10.0.40219.1
Project("{8BC9CEB8-8B4A-11D0-8D11-00A0C91BC942}") = "Dubluri", "Dubluri\Dubluri.vcxproj", "{4B6162F9-C720-4918-8070-95E73103E060}"
EndProject
Global
	GlobalSection(SolutionConfigurationPlatforms) = preSolution
		Debug|x64 = Debug|x64
		Debug|x86 = Debug|x86
		Release|x64 = Release|x64
		Release|x86 = Release|x86
	EndGlobalSection
	GlobalSection(ProjectConfigurationPlatforms) = postSolution
		{4B6162F9-C720-4918-8070-95E73103E060}.Debug|x64.ActiveCfg = Debug|x64
		{4B6162F9-C720-4918-8070-95E73103E060}.Debug|x64.Build.0 = Debug|x64
		{4B6162F9-C720-4918-8070-95E73103E060}.Debug|x86.ActiveCfg = Debug|Win32
		{4B6162F9-C720-4918-8070-95E73103E060}.Debug|x86.Build.0 = Debug|Win32
		{4B6162F9-C720-4918-8070-95E73103E060}.Release|x64.ActiveCfg = Release|x64
		{4B6162F9-C720-4918-8070-95E73103E060}.Release|x64.Build.0 = Release|x64
		{4B6162F9-C720-4918-8070-95E73103E060}.Release|x86.ActiveCfg = Release|Win32
		{4B6162F9-C720-4918-8070-95E73103E060}.Release|x86.Build.0 = Release|Win32
	EndGlobalSection
	GlobalSection(SolutionProperties) = preSolution
		HideSolutionNode = FALSE
	EndGlobalSection
	GlobalSection(ExtensibilityGlobals) = postSolution
		SolutionGuid = {254A9FB8-1532-4929-BC7F-2AC5AA747EBA}
	EndGlobalSection
EndGlobal
