
Microsoft Visual Studio Solution File, Format Version 12.00
# Visual Studio Version 16
VisualStudioVersion = 16.0.30503.244
MinimumVisualStudioVersion = 10.0.40219.1
Project("{8BC9CEB8-8B4A-11D0-8D11-00A0C91BC942}") = "HappyNewYear", "HappyNewYear\HappyNewYear.vcxproj", "{B894B945-C2DD-4EAC-8BB5-0B434B3C0374}"
EndProject
Global
	GlobalSection(SolutionConfigurationPlatforms) = preSolution
		Debug|x64 = Debug|x64
		Debug|x86 = Debug|x86
		Release|x64 = Release|x64
		Release|x86 = Release|x86
	EndGlobalSection
	GlobalSection(ProjectConfigurationPlatforms) = postSolution
		{B894B945-C2DD-4EAC-8BB5-0B434B3C0374}.Debug|x64.ActiveCfg = Debug|x64
		{B894B945-C2DD-4EAC-8BB5-0B434B3C0374}.Debug|x64.Build.0 = Debug|x64
		{B894B945-C2DD-4EAC-8BB5-0B434B3C0374}.Debug|x86.ActiveCfg = Debug|Win32
		{B894B945-C2DD-4EAC-8BB5-0B434B3C0374}.Debug|x86.Build.0 = Debug|Win32
		{B894B945-C2DD-4EAC-8BB5-0B434B3C0374}.Release|x64.ActiveCfg = Release|x64
		{B894B945-C2DD-4EAC-8BB5-0B434B3C0374}.Release|x64.Build.0 = Release|x64
		{B894B945-C2DD-4EAC-8BB5-0B434B3C0374}.Release|x86.ActiveCfg = Release|Win32
		{B894B945-C2DD-4EAC-8BB5-0B434B3C0374}.Release|x86.Build.0 = Release|Win32
	EndGlobalSection
	GlobalSection(SolutionProperties) = preSolution
		HideSolutionNode = FALSE
	EndGlobalSection
	GlobalSection(ExtensibilityGlobals) = postSolution
		SolutionGuid = {333D0D41-FD40-4907-9615-5CFFFA2CBA50}
	EndGlobalSection
EndGlobal
