
Microsoft Visual Studio Solution File, Format Version 12.00
# Visual Studio Version 17
VisualStudioVersion = 17.0.32014.148
MinimumVisualStudioVersion = 10.0.40219.1
Project("{8BC9CEB8-8B4A-11D0-8D11-00A0C91BC942}") = "cod", "cod\cod.vcxproj", "{82778F23-7FC8-41D0-9C2D-A7EFBBDB6B73}"
EndProject
Global
	GlobalSection(SolutionConfigurationPlatforms) = preSolution
		Debug|x64 = Debug|x64
		Debug|x86 = Debug|x86
		Release|x64 = Release|x64
		Release|x86 = Release|x86
	EndGlobalSection
	GlobalSection(ProjectConfigurationPlatforms) = postSolution
		{82778F23-7FC8-41D0-9C2D-A7EFBBDB6B73}.Debug|x64.ActiveCfg = Debug|x64
		{82778F23-7FC8-41D0-9C2D-A7EFBBDB6B73}.Debug|x64.Build.0 = Debug|x64
		{82778F23-7FC8-41D0-9C2D-A7EFBBDB6B73}.Debug|x86.ActiveCfg = Debug|Win32
		{82778F23-7FC8-41D0-9C2D-A7EFBBDB6B73}.Debug|x86.Build.0 = Debug|Win32
		{82778F23-7FC8-41D0-9C2D-A7EFBBDB6B73}.Release|x64.ActiveCfg = Release|x64
		{82778F23-7FC8-41D0-9C2D-A7EFBBDB6B73}.Release|x64.Build.0 = Release|x64
		{82778F23-7FC8-41D0-9C2D-A7EFBBDB6B73}.Release|x86.ActiveCfg = Release|Win32
		{82778F23-7FC8-41D0-9C2D-A7EFBBDB6B73}.Release|x86.Build.0 = Release|Win32
	EndGlobalSection
	GlobalSection(SolutionProperties) = preSolution
		HideSolutionNode = FALSE
	EndGlobalSection
	GlobalSection(ExtensibilityGlobals) = postSolution
		SolutionGuid = {9F853B89-DE63-448D-8133-6C6949E9FBD6}
	EndGlobalSection
EndGlobal
