
Microsoft Visual Studio Solution File, Format Version 12.00
# Visual Studio Version 16
VisualStudioVersion = 16.0.30503.244
MinimumVisualStudioVersion = 10.0.40219.1
Project("{8BC9CEB8-8B4A-11D0-8D11-00A0C91BC942}") = "Problema1 26.03.2021", "Problema1 26.03.2021\Problema1 26.03.2021.vcxproj", "{28E45C4C-9CD1-4B22-92F9-2D99F0B0406F}"
EndProject
Global
	GlobalSection(SolutionConfigurationPlatforms) = preSolution
		Debug|x64 = Debug|x64
		Debug|x86 = Debug|x86
		Release|x64 = Release|x64
		Release|x86 = Release|x86
	EndGlobalSection
	GlobalSection(ProjectConfigurationPlatforms) = postSolution
		{28E45C4C-9CD1-4B22-92F9-2D99F0B0406F}.Debug|x64.ActiveCfg = Debug|x64
		{28E45C4C-9CD1-4B22-92F9-2D99F0B0406F}.Debug|x64.Build.0 = Debug|x64
		{28E45C4C-9CD1-4B22-92F9-2D99F0B0406F}.Debug|x86.ActiveCfg = Debug|Win32
		{28E45C4C-9CD1-4B22-92F9-2D99F0B0406F}.Debug|x86.Build.0 = Debug|Win32
		{28E45C4C-9CD1-4B22-92F9-2D99F0B0406F}.Release|x64.ActiveCfg = Release|x64
		{28E45C4C-9CD1-4B22-92F9-2D99F0B0406F}.Release|x64.Build.0 = Release|x64
		{28E45C4C-9CD1-4B22-92F9-2D99F0B0406F}.Release|x86.ActiveCfg = Release|Win32
		{28E45C4C-9CD1-4B22-92F9-2D99F0B0406F}.Release|x86.Build.0 = Release|Win32
	EndGlobalSection
	GlobalSection(SolutionProperties) = preSolution
		HideSolutionNode = FALSE
	EndGlobalSection
	GlobalSection(ExtensibilityGlobals) = postSolution
		SolutionGuid = {52CA80EE-61EB-46F0-BC94-D8CF63BFA013}
	EndGlobalSection
EndGlobal
