
Microsoft Visual Studio Solution File, Format Version 12.00
# Visual Studio Version 16
VisualStudioVersion = 16.0.30503.244
MinimumVisualStudioVersion = 10.0.40219.1
Project("{8BC9CEB8-8B4A-11D0-8D11-00A0C91BC942}") = "Resturi", "Resturi\Resturi.vcxproj", "{6C9B60D7-0BDC-4B96-BA8A-C00BE1AB4B86}"
EndProject
Global
	GlobalSection(SolutionConfigurationPlatforms) = preSolution
		Debug|x64 = Debug|x64
		Debug|x86 = Debug|x86
		Release|x64 = Release|x64
		Release|x86 = Release|x86
	EndGlobalSection
	GlobalSection(ProjectConfigurationPlatforms) = postSolution
		{6C9B60D7-0BDC-4B96-BA8A-C00BE1AB4B86}.Debug|x64.ActiveCfg = Debug|x64
		{6C9B60D7-0BDC-4B96-BA8A-C00BE1AB4B86}.Debug|x64.Build.0 = Debug|x64
		{6C9B60D7-0BDC-4B96-BA8A-C00BE1AB4B86}.Debug|x86.ActiveCfg = Debug|Win32
		{6C9B60D7-0BDC-4B96-BA8A-C00BE1AB4B86}.Debug|x86.Build.0 = Debug|Win32
		{6C9B60D7-0BDC-4B96-BA8A-C00BE1AB4B86}.Release|x64.ActiveCfg = Release|x64
		{6C9B60D7-0BDC-4B96-BA8A-C00BE1AB4B86}.Release|x64.Build.0 = Release|x64
		{6C9B60D7-0BDC-4B96-BA8A-C00BE1AB4B86}.Release|x86.ActiveCfg = Release|Win32
		{6C9B60D7-0BDC-4B96-BA8A-C00BE1AB4B86}.Release|x86.Build.0 = Release|Win32
	EndGlobalSection
	GlobalSection(SolutionProperties) = preSolution
		HideSolutionNode = FALSE
	EndGlobalSection
	GlobalSection(ExtensibilityGlobals) = postSolution
		SolutionGuid = {A020EBBB-A86A-4689-9999-29A35819CE61}
	EndGlobalSection
EndGlobal
