
Microsoft Visual Studio Solution File, Format Version 12.00
# Visual Studio Version 17
VisualStudioVersion = 17.0.32014.148
MinimumVisualStudioVersion = 10.0.40219.1
Project("{8BC9CEB8-8B4A-11D0-8D11-00A0C91BC942}") = "rotire25", "rotire25\rotire25.vcxproj", "{3BE69FC0-D448-41FB-99FA-B6E220B48A06}"
EndProject
Global
	GlobalSection(SolutionConfigurationPlatforms) = preSolution
		Debug|x64 = Debug|x64
		Debug|x86 = Debug|x86
		Release|x64 = Release|x64
		Release|x86 = Release|x86
	EndGlobalSection
	GlobalSection(ProjectConfigurationPlatforms) = postSolution
		{3BE69FC0-D448-41FB-99FA-B6E220B48A06}.Debug|x64.ActiveCfg = Debug|x64
		{3BE69FC0-D448-41FB-99FA-B6E220B48A06}.Debug|x64.Build.0 = Debug|x64
		{3BE69FC0-D448-41FB-99FA-B6E220B48A06}.Debug|x86.ActiveCfg = Debug|Win32
		{3BE69FC0-D448-41FB-99FA-B6E220B48A06}.Debug|x86.Build.0 = Debug|Win32
		{3BE69FC0-D448-41FB-99FA-B6E220B48A06}.Release|x64.ActiveCfg = Release|x64
		{3BE69FC0-D448-41FB-99FA-B6E220B48A06}.Release|x64.Build.0 = Release|x64
		{3BE69FC0-D448-41FB-99FA-B6E220B48A06}.Release|x86.ActiveCfg = Release|Win32
		{3BE69FC0-D448-41FB-99FA-B6E220B48A06}.Release|x86.Build.0 = Release|Win32
	EndGlobalSection
	GlobalSection(SolutionProperties) = preSolution
		HideSolutionNode = FALSE
	EndGlobalSection
	GlobalSection(ExtensibilityGlobals) = postSolution
		SolutionGuid = {31880FB0-0B63-4020-A685-91CD30226B49}
	EndGlobalSection
EndGlobal
