
Microsoft Visual Studio Solution File, Format Version 12.00
# Visual Studio Version 17
VisualStudioVersion = 17.0.32014.148
MinimumVisualStudioVersion = 10.0.40219.1
Project("{8BC9CEB8-8B4A-11D0-8D11-00A0C91BC942}") = "cartonase_vs_2022", "cartonase_vs_2022\cartonase_vs_2022.vcxproj", "{F26A70F4-EFD0-4D8D-A791-590056F4BF67}"
EndProject
Global
	GlobalSection(SolutionConfigurationPlatforms) = preSolution
		Debug|x64 = Debug|x64
		Debug|x86 = Debug|x86
		Release|x64 = Release|x64
		Release|x86 = Release|x86
	EndGlobalSection
	GlobalSection(ProjectConfigurationPlatforms) = postSolution
		{F26A70F4-EFD0-4D8D-A791-590056F4BF67}.Debug|x64.ActiveCfg = Debug|x64
		{F26A70F4-EFD0-4D8D-A791-590056F4BF67}.Debug|x64.Build.0 = Debug|x64
		{F26A70F4-EFD0-4D8D-A791-590056F4BF67}.Debug|x86.ActiveCfg = Debug|Win32
		{F26A70F4-EFD0-4D8D-A791-590056F4BF67}.Debug|x86.Build.0 = Debug|Win32
		{F26A70F4-EFD0-4D8D-A791-590056F4BF67}.Release|x64.ActiveCfg = Release|x64
		{F26A70F4-EFD0-4D8D-A791-590056F4BF67}.Release|x64.Build.0 = Release|x64
		{F26A70F4-EFD0-4D8D-A791-590056F4BF67}.Release|x86.ActiveCfg = Release|Win32
		{F26A70F4-EFD0-4D8D-A791-590056F4BF67}.Release|x86.Build.0 = Release|Win32
	EndGlobalSection
	GlobalSection(SolutionProperties) = preSolution
		HideSolutionNode = FALSE
	EndGlobalSection
	GlobalSection(ExtensibilityGlobals) = postSolution
		SolutionGuid = {6C808F6A-4550-4527-A7A1-0ACA94848C58}
	EndGlobalSection
EndGlobal
