
Microsoft Visual Studio Solution File, Format Version 12.00
# Visual Studio Version 17
VisualStudioVersion = 17.0.32014.148
MinimumVisualStudioVersion = 10.0.40219.1
Project("{8BC9CEB8-8B4A-11D0-8D11-00A0C91BC942}") = "SwapCuv", "SwapCuv\SwapCuv.vcxproj", "{38C4DC58-1226-4CCE-A364-768FCDA2FB3C}"
EndProject
Global
	GlobalSection(SolutionConfigurationPlatforms) = preSolution
		Debug|x64 = Debug|x64
		Debug|x86 = Debug|x86
		Release|x64 = Release|x64
		Release|x86 = Release|x86
	EndGlobalSection
	GlobalSection(ProjectConfigurationPlatforms) = postSolution
		{38C4DC58-1226-4CCE-A364-768FCDA2FB3C}.Debug|x64.ActiveCfg = Debug|x64
		{38C4DC58-1226-4CCE-A364-768FCDA2FB3C}.Debug|x64.Build.0 = Debug|x64
		{38C4DC58-1226-4CCE-A364-768FCDA2FB3C}.Debug|x86.ActiveCfg = Debug|Win32
		{38C4DC58-1226-4CCE-A364-768FCDA2FB3C}.Debug|x86.Build.0 = Debug|Win32
		{38C4DC58-1226-4CCE-A364-768FCDA2FB3C}.Release|x64.ActiveCfg = Release|x64
		{38C4DC58-1226-4CCE-A364-768FCDA2FB3C}.Release|x64.Build.0 = Release|x64
		{38C4DC58-1226-4CCE-A364-768FCDA2FB3C}.Release|x86.ActiveCfg = Release|Win32
		{38C4DC58-1226-4CCE-A364-768FCDA2FB3C}.Release|x86.Build.0 = Release|Win32
	EndGlobalSection
	GlobalSection(SolutionProperties) = preSolution
		HideSolutionNode = FALSE
	EndGlobalSection
	GlobalSection(ExtensibilityGlobals) = postSolution
		SolutionGuid = {09EF4F2B-690A-4925-BBBE-F9491FC0585B}
	EndGlobalSection
EndGlobal
