
Microsoft Visual Studio Solution File, Format Version 12.00
# Visual Studio Version 16
VisualStudioVersion = 16.0.30503.244
MinimumVisualStudioVersion = 10.0.40219.1
Project("{8BC9CEB8-8B4A-11D0-8D11-00A0C91BC942}") = "Vraji", "Vraji\Vraji.vcxproj", "{CEF6896A-6F7C-447F-9206-050E04D045AE}"
EndProject
Global
	GlobalSection(SolutionConfigurationPlatforms) = preSolution
		Debug|x64 = Debug|x64
		Debug|x86 = Debug|x86
		Release|x64 = Release|x64
		Release|x86 = Release|x86
	EndGlobalSection
	GlobalSection(ProjectConfigurationPlatforms) = postSolution
		{CEF6896A-6F7C-447F-9206-050E04D045AE}.Debug|x64.ActiveCfg = Debug|x64
		{CEF6896A-6F7C-447F-9206-050E04D045AE}.Debug|x64.Build.0 = Debug|x64
		{CEF6896A-6F7C-447F-9206-050E04D045AE}.Debug|x86.ActiveCfg = Debug|Win32
		{CEF6896A-6F7C-447F-9206-050E04D045AE}.Debug|x86.Build.0 = Debug|Win32
		{CEF6896A-6F7C-447F-9206-050E04D045AE}.Release|x64.ActiveCfg = Release|x64
		{CEF6896A-6F7C-447F-9206-050E04D045AE}.Release|x64.Build.0 = Release|x64
		{CEF6896A-6F7C-447F-9206-050E04D045AE}.Release|x86.ActiveCfg = Release|Win32
		{CEF6896A-6F7C-447F-9206-050E04D045AE}.Release|x86.Build.0 = Release|Win32
	EndGlobalSection
	GlobalSection(SolutionProperties) = preSolution
		HideSolutionNode = FALSE
	EndGlobalSection
	GlobalSection(ExtensibilityGlobals) = postSolution
		SolutionGuid = {90D6F908-8AF8-4404-AFB0-017A37B5B90E}
	EndGlobalSection
EndGlobal
